
Microsoft Visual Studio Solution File, Format Version 12.00
# Visual Studio Version 16
VisualStudioVersion = 16.0.32228.343
MinimumVisualStudioVersion = 10.0.40219.1
Project("{FAE04EC0-301F-11D3-BF4B-00C04F79EFBC}") = "NerdDinner", "NerdDinner.csproj", "{ACFAC690-CAC5-4D85-B470-C1C703AAB402}"
EndProject
Project("{FAE04EC0-301F-11D3-BF4B-00C04F79EFBC}") = "NerdDinner.Tests", "..\NerdDinner.Tests\NerdDinner.Tests.csproj", "{48E23EFF-25B3-457C-9FD6-57B0AF85AE22}"
EndProject
Global
	GlobalSection(SolutionConfigurationPlatforms) = preSolution
		Debug|Any CPU = Debug|Any CPU
		Release|Any CPU = Release|Any CPU
	EndGlobalSection
	GlobalSection(ProjectConfigurationPlatforms) = postSolution
		{ACFAC690-CAC5-4D85-B470-C1C703AAB402}.Debug|Any CPU.ActiveCfg = Debug|Any CPU
		{ACFAC690-CAC5-4D85-B470-C1C703AAB402}.Debug|Any CPU.Build.0 = Debug|Any CPU
		{ACFAC690-CAC5-4D85-B470-C1C703AAB402}.Release|Any CPU.ActiveCfg = Release|Any CPU
		{ACFAC690-CAC5-4D85-B470-C1C703AAB402}.Release|Any CPU.Build.0 = Release|Any CPU
		{48E23EFF-25B3-457C-9FD6-57B0AF85AE22}.Debug|Any CPU.ActiveCfg = Debug|Any CPU
		{48E23EFF-25B3-457C-9FD6-57B0AF85AE22}.Debug|Any CPU.Build.0 = Debug|Any CPU
		{48E23EFF-25B3-457C-9FD6-57B0AF85AE22}.Release|Any CPU.ActiveCfg = Release|Any CPU
		{48E23EFF-25B3-457C-9FD6-57B0AF85AE22}.Release|Any CPU.Build.0 = Release|Any CPU
	EndGlobalSection
	GlobalSection(SolutionProperties) = preSolution
		HideSolutionNode = FALSE
	EndGlobalSection
	GlobalSection(ExtensibilityGlobals) = postSolution
		SolutionGuid = {BEFB36BD-94BF-4E5F-9827-49A7BD87363E}
	EndGlobalSection
EndGlobal
